
Microsoft Visual Studio Solution File, Format Version 12.00
# Visual Studio Version 17
VisualStudioVersion = 17.11.35303.130
MinimumVisualStudioVersion = 10.0.40219.1
Project("{2150E333-8FDC-42A3-9474-1A3956D46DE8}") = "src", "src", "{C6730269-13A1-44A1-BBE8-AB89C561AEAA}"
EndProject
Project("{2150E333-8FDC-42A3-9474-1A3956D46DE8}") = "Core", "Core", "{82EFA29D-2417-439A-9A21-8DACCA8A746D}"
EndProject
Project("{2150E333-8FDC-42A3-9474-1A3956D46DE8}") = "Infraestructure", "Infraestructure", "{2DF59A6F-664B-46E3-A506-47FAF4AC17B0}"
EndProject
Project("{2150E333-8FDC-42A3-9474-1A3956D46DE8}") = "Presentation", "Presentation", "{0E33D854-7A5F-45F6-9B00-47BEC584895F}"
EndProject
Project("{9A19103F-16F7-4668-BE54-9A1E7A4F7556}") = "Application", "Application\Application.csproj", "{1302992C-F3D2-4261-8FA4-4E244327EEC3}"
EndProject
Project("{9A19103F-16F7-4668-BE54-9A1E7A4F7556}") = "Domain", "Domain\Domain.csproj", "{7D614AAC-1F14-49AB-BA41-EF3CC3CCF5AE}"
EndProject
Project("{9A19103F-16F7-4668-BE54-9A1E7A4F7556}") = "Persistence", "Persistence\Persistence.csproj", "{AFE6652A-3B93-4B7C-8E7C-29095629FD34}"
EndProject
Project("{9A19103F-16F7-4668-BE54-9A1E7A4F7556}") = "Share", "Share\Share.csproj", "{9445C940-90FE-42ED-804F-2A1455901109}"
EndProject
Project("{9A19103F-16F7-4668-BE54-9A1E7A4F7556}") = "WebAPI", "WebAPI\WebAPI.csproj", "{6D7434B1-D44A-4C0A-A080-B0A1DD2E8632}"
EndProject
Project("{FAE04EC0-301F-11D3-BF4B-00C04F79EFBC}") = "Identity", "Identity\Identity.csproj", "{AF2160AC-EA4A-4274-B6C0-0579E2193217}"
EndProject
Global
	GlobalSection(SolutionConfigurationPlatforms) = preSolution
		Debug|Any CPU = Debug|Any CPU
		Release|Any CPU = Release|Any CPU
	EndGlobalSection
	GlobalSection(ProjectConfigurationPlatforms) = postSolution
		{1302992C-F3D2-4261-8FA4-4E244327EEC3}.Debug|Any CPU.ActiveCfg = Debug|Any CPU
		{1302992C-F3D2-4261-8FA4-4E244327EEC3}.Debug|Any CPU.Build.0 = Debug|Any CPU
		{1302992C-F3D2-4261-8FA4-4E244327EEC3}.Release|Any CPU.ActiveCfg = Release|Any CPU
		{1302992C-F3D2-4261-8FA4-4E244327EEC3}.Release|Any CPU.Build.0 = Release|Any CPU
		{7D614AAC-1F14-49AB-BA41-EF3CC3CCF5AE}.Debug|Any CPU.ActiveCfg = Debug|Any CPU
		{7D614AAC-1F14-49AB-BA41-EF3CC3CCF5AE}.Debug|Any CPU.Build.0 = Debug|Any CPU
		{7D614AAC-1F14-49AB-BA41-EF3CC3CCF5AE}.Release|Any CPU.ActiveCfg = Release|Any CPU
		{7D614AAC-1F14-49AB-BA41-EF3CC3CCF5AE}.Release|Any CPU.Build.0 = Release|Any CPU
		{AFE6652A-3B93-4B7C-8E7C-29095629FD34}.Debug|Any CPU.ActiveCfg = Debug|Any CPU
		{AFE6652A-3B93-4B7C-8E7C-29095629FD34}.Debug|Any CPU.Build.0 = Debug|Any CPU
		{AFE6652A-3B93-4B7C-8E7C-29095629FD34}.Release|Any CPU.ActiveCfg = Release|Any CPU
		{AFE6652A-3B93-4B7C-8E7C-29095629FD34}.Release|Any CPU.Build.0 = Release|Any CPU
		{9445C940-90FE-42ED-804F-2A1455901109}.Debug|Any CPU.ActiveCfg = Debug|Any CPU
		{9445C940-90FE-42ED-804F-2A1455901109}.Debug|Any CPU.Build.0 = Debug|Any CPU
		{9445C940-90FE-42ED-804F-2A1455901109}.Release|Any CPU.ActiveCfg = Release|Any CPU
		{9445C940-90FE-42ED-804F-2A1455901109}.Release|Any CPU.Build.0 = Release|Any CPU
		{6D7434B1-D44A-4C0A-A080-B0A1DD2E8632}.Debug|Any CPU.ActiveCfg = Debug|Any CPU
		{6D7434B1-D44A-4C0A-A080-B0A1DD2E8632}.Debug|Any CPU.Build.0 = Debug|Any CPU
		{6D7434B1-D44A-4C0A-A080-B0A1DD2E8632}.Release|Any CPU.ActiveCfg = Release|Any CPU
		{6D7434B1-D44A-4C0A-A080-B0A1DD2E8632}.Release|Any CPU.Build.0 = Release|Any CPU
		{AF2160AC-EA4A-4274-B6C0-0579E2193217}.Debug|Any CPU.ActiveCfg = Debug|Any CPU
		{AF2160AC-EA4A-4274-B6C0-0579E2193217}.Debug|Any CPU.Build.0 = Debug|Any CPU
		{AF2160AC-EA4A-4274-B6C0-0579E2193217}.Release|Any CPU.ActiveCfg = Release|Any CPU
		{AF2160AC-EA4A-4274-B6C0-0579E2193217}.Release|Any CPU.Build.0 = Release|Any CPU
	EndGlobalSection
	GlobalSection(SolutionProperties) = preSolution
		HideSolutionNode = FALSE
	EndGlobalSection
	GlobalSection(NestedProjects) = preSolution
		{82EFA29D-2417-439A-9A21-8DACCA8A746D} = {C6730269-13A1-44A1-BBE8-AB89C561AEAA}
		{2DF59A6F-664B-46E3-A506-47FAF4AC17B0} = {C6730269-13A1-44A1-BBE8-AB89C561AEAA}
		{0E33D854-7A5F-45F6-9B00-47BEC584895F} = {C6730269-13A1-44A1-BBE8-AB89C561AEAA}
		{1302992C-F3D2-4261-8FA4-4E244327EEC3} = {82EFA29D-2417-439A-9A21-8DACCA8A746D}
		{7D614AAC-1F14-49AB-BA41-EF3CC3CCF5AE} = {82EFA29D-2417-439A-9A21-8DACCA8A746D}
		{AFE6652A-3B93-4B7C-8E7C-29095629FD34} = {2DF59A6F-664B-46E3-A506-47FAF4AC17B0}
		{9445C940-90FE-42ED-804F-2A1455901109} = {2DF59A6F-664B-46E3-A506-47FAF4AC17B0}
		{6D7434B1-D44A-4C0A-A080-B0A1DD2E8632} = {0E33D854-7A5F-45F6-9B00-47BEC584895F}
		{AF2160AC-EA4A-4274-B6C0-0579E2193217} = {2DF59A6F-664B-46E3-A506-47FAF4AC17B0}
	EndGlobalSection
	GlobalSection(ExtensibilityGlobals) = postSolution
		SolutionGuid = {26F00587-1F36-43C9-8712-F23DAB7FCA26}
	EndGlobalSection
EndGlobal
